
Microsoft Visual Studio Solution File, Format Version 12.00
# Visual Studio Version 17
VisualStudioVersion = 17.3.32811.315
MinimumVisualStudioVersion = 10.0.40219.1
Project("{2150E333-8FDC-42A3-9474-1A3956D46DE8}") = "Services", "Services", "{0E8469D2-20EE-45EC-8D83-515B16742A02}"
EndProject
Project("{2150E333-8FDC-42A3-9474-1A3956D46DE8}") = "Catalog", "Catalog", "{69564CED-3E98-42B8-87DA-8DD1E109A407}"
EndProject
Project("{9A19103F-16F7-4668-BE54-9A1E7A4F7556}") = "Catalog.API", "Services\Catalog\Catalog.API\Catalog.API.csproj", "{18A2EA88-4F69-4080-BB91-A72C1B477834}"
EndProject
Project("{E53339B2-1760-4266-BCC7-CA923CBCF16C}") = "docker-compose", "docker-compose.dcproj", "{A8DC01E1-4266-488F-93A5-9CD59C893EAE}"
EndProject
Project("{2150E333-8FDC-42A3-9474-1A3956D46DE8}") = "Basket", "Basket", "{EE9848AF-57ED-4F5F-B089-55E227F10DFF}"
EndProject
Project("{9A19103F-16F7-4668-BE54-9A1E7A4F7556}") = "Basket.API", "Services\Basket\Basket.API\Basket.API.csproj", "{57261045-A17B-40B4-8968-29C359CDFCEE}"
EndProject
Project("{2150E333-8FDC-42A3-9474-1A3956D46DE8}") = "Discount", "Discount", "{E23F266C-E663-4307-9527-A583E004EED4}"
EndProject
Project("{9A19103F-16F7-4668-BE54-9A1E7A4F7556}") = "Discount.Grpc", "Services\Discount\Discount.Grpc\Discount.Grpc.csproj", "{C8549632-23DF-4BAD-A7BA-0665A85C7CE6}"
EndProject
Project("{2150E333-8FDC-42A3-9474-1A3956D46DE8}") = "Ordering", "Ordering", "{472072EA-1B6C-4B2E-B3F4-D57DFED8E288}"
EndProject
Project("{9A19103F-16F7-4668-BE54-9A1E7A4F7556}") = "Ordering.API", "Services\Ordering\Ordering.API\Ordering.API.csproj", "{FBAE5643-D40F-42B6-BA60-47FB92D24BF5}"
EndProject
Project("{9A19103F-16F7-4668-BE54-9A1E7A4F7556}") = "Ordering.Domain", "Services\Ordering\Ordering.Domain\Ordering.Domain.csproj", "{B8E2A2EB-3AE8-453D-B1DF-B27BD60BF042}"
EndProject
Project("{9A19103F-16F7-4668-BE54-9A1E7A4F7556}") = "Ordering.Application", "Services\Ordering\Ordering.Application\Ordering.Application.csproj", "{A27663C8-E6E4-4B5D-922E-A1B6B00E3CC7}"
EndProject
Project("{9A19103F-16F7-4668-BE54-9A1E7A4F7556}") = "Ordering.Infrastructure", "Services\Ordering\Ordering.Infrastructure\Ordering.Infrastructure.csproj", "{44F7674E-ED28-484F-AF3C-307EC4C53E95}"
EndProject
Project("{2150E333-8FDC-42A3-9474-1A3956D46DE8}") = "BuildingBlocks", "BuildingBlocks", "{88C45F44-B64C-4D67-90B9-973B670BA3ED}"
EndProject
Project("{9A19103F-16F7-4668-BE54-9A1E7A4F7556}") = "EventBus.Messages", "BuildingBlocks\EventBus.Messages\EventBus.Messages.csproj", "{461F771C-8F9E-4FF8-9517-A171FC6AEC4B}"
EndProject
Project("{9A19103F-16F7-4668-BE54-9A1E7A4F7556}") = "OcelotApiGateway", "ApiGateways\OcelotApiGateway\OcelotApiGateway.csproj", "{4EEE0338-FCDB-4254-81F9-D238230D9C7D}"
EndProject
Project("{2150E333-8FDC-42A3-9474-1A3956D46DE8}") = "ApiGateways", "ApiGateways", "{B48225A3-FD0F-43BF-B5AE-4500E5AD56C4}"
EndProject
Project("{2150E333-8FDC-42A3-9474-1A3956D46DE8}") = "OcelotApiGateway", "OcelotApiGateway", "{D0B8D854-D821-4BA8-9C20-51901337EF34}"
EndProject
Project("{9A19103F-16F7-4668-BE54-9A1E7A4F7556}") = "Shopping.Aggregator", "ApiGateways\Shopping.Aggregator\Shopping.Aggregator.csproj", "{6CF2F6CA-67C0-4BB9-A288-F8EF3D3ACBA1}"
EndProject
Global
	GlobalSection(SolutionConfigurationPlatforms) = preSolution
		Debug|Any CPU = Debug|Any CPU
		Release|Any CPU = Release|Any CPU
	EndGlobalSection
	GlobalSection(ProjectConfigurationPlatforms) = postSolution
		{18A2EA88-4F69-4080-BB91-A72C1B477834}.Debug|Any CPU.ActiveCfg = Debug|Any CPU
		{18A2EA88-4F69-4080-BB91-A72C1B477834}.Debug|Any CPU.Build.0 = Debug|Any CPU
		{18A2EA88-4F69-4080-BB91-A72C1B477834}.Release|Any CPU.ActiveCfg = Release|Any CPU
		{18A2EA88-4F69-4080-BB91-A72C1B477834}.Release|Any CPU.Build.0 = Release|Any CPU
		{A8DC01E1-4266-488F-93A5-9CD59C893EAE}.Debug|Any CPU.ActiveCfg = Debug|Any CPU
		{A8DC01E1-4266-488F-93A5-9CD59C893EAE}.Debug|Any CPU.Build.0 = Debug|Any CPU
		{A8DC01E1-4266-488F-93A5-9CD59C893EAE}.Release|Any CPU.ActiveCfg = Release|Any CPU
		{A8DC01E1-4266-488F-93A5-9CD59C893EAE}.Release|Any CPU.Build.0 = Release|Any CPU
		{57261045-A17B-40B4-8968-29C359CDFCEE}.Debug|Any CPU.ActiveCfg = Debug|Any CPU
		{57261045-A17B-40B4-8968-29C359CDFCEE}.Debug|Any CPU.Build.0 = Debug|Any CPU
		{57261045-A17B-40B4-8968-29C359CDFCEE}.Release|Any CPU.ActiveCfg = Release|Any CPU
		{57261045-A17B-40B4-8968-29C359CDFCEE}.Release|Any CPU.Build.0 = Release|Any CPU
		{C8549632-23DF-4BAD-A7BA-0665A85C7CE6}.Debug|Any CPU.ActiveCfg = Debug|Any CPU
		{C8549632-23DF-4BAD-A7BA-0665A85C7CE6}.Debug|Any CPU.Build.0 = Debug|Any CPU
		{C8549632-23DF-4BAD-A7BA-0665A85C7CE6}.Release|Any CPU.ActiveCfg = Release|Any CPU
		{C8549632-23DF-4BAD-A7BA-0665A85C7CE6}.Release|Any CPU.Build.0 = Release|Any CPU
		{FBAE5643-D40F-42B6-BA60-47FB92D24BF5}.Debug|Any CPU.ActiveCfg = Debug|Any CPU
		{FBAE5643-D40F-42B6-BA60-47FB92D24BF5}.Debug|Any CPU.Build.0 = Debug|Any CPU
		{FBAE5643-D40F-42B6-BA60-47FB92D24BF5}.Release|Any CPU.ActiveCfg = Release|Any CPU
		{FBAE5643-D40F-42B6-BA60-47FB92D24BF5}.Release|Any CPU.Build.0 = Release|Any CPU
		{B8E2A2EB-3AE8-453D-B1DF-B27BD60BF042}.Debug|Any CPU.ActiveCfg = Debug|Any CPU
		{B8E2A2EB-3AE8-453D-B1DF-B27BD60BF042}.Debug|Any CPU.Build.0 = Debug|Any CPU
		{B8E2A2EB-3AE8-453D-B1DF-B27BD60BF042}.Release|Any CPU.ActiveCfg = Release|Any CPU
		{B8E2A2EB-3AE8-453D-B1DF-B27BD60BF042}.Release|Any CPU.Build.0 = Release|Any CPU
		{A27663C8-E6E4-4B5D-922E-A1B6B00E3CC7}.Debug|Any CPU.ActiveCfg = Debug|Any CPU
		{A27663C8-E6E4-4B5D-922E-A1B6B00E3CC7}.Debug|Any CPU.Build.0 = Debug|Any CPU
		{A27663C8-E6E4-4B5D-922E-A1B6B00E3CC7}.Release|Any CPU.ActiveCfg = Release|Any CPU
		{A27663C8-E6E4-4B5D-922E-A1B6B00E3CC7}.Release|Any CPU.Build.0 = Release|Any CPU
		{44F7674E-ED28-484F-AF3C-307EC4C53E95}.Debug|Any CPU.ActiveCfg = Debug|Any CPU
		{44F7674E-ED28-484F-AF3C-307EC4C53E95}.Debug|Any CPU.Build.0 = Debug|Any CPU
		{44F7674E-ED28-484F-AF3C-307EC4C53E95}.Release|Any CPU.ActiveCfg = Release|Any CPU
		{44F7674E-ED28-484F-AF3C-307EC4C53E95}.Release|Any CPU.Build.0 = Release|Any CPU
		{461F771C-8F9E-4FF8-9517-A171FC6AEC4B}.Debug|Any CPU.ActiveCfg = Debug|Any CPU
		{461F771C-8F9E-4FF8-9517-A171FC6AEC4B}.Debug|Any CPU.Build.0 = Debug|Any CPU
		{461F771C-8F9E-4FF8-9517-A171FC6AEC4B}.Release|Any CPU.ActiveCfg = Release|Any CPU
		{461F771C-8F9E-4FF8-9517-A171FC6AEC4B}.Release|Any CPU.Build.0 = Release|Any CPU
		{4EEE0338-FCDB-4254-81F9-D238230D9C7D}.Debug|Any CPU.ActiveCfg = Debug|Any CPU
		{4EEE0338-FCDB-4254-81F9-D238230D9C7D}.Debug|Any CPU.Build.0 = Debug|Any CPU
		{4EEE0338-FCDB-4254-81F9-D238230D9C7D}.Release|Any CPU.ActiveCfg = Release|Any CPU
		{4EEE0338-FCDB-4254-81F9-D238230D9C7D}.Release|Any CPU.Build.0 = Release|Any CPU
		{6CF2F6CA-67C0-4BB9-A288-F8EF3D3ACBA1}.Debug|Any CPU.ActiveCfg = Debug|Any CPU
		{6CF2F6CA-67C0-4BB9-A288-F8EF3D3ACBA1}.Debug|Any CPU.Build.0 = Debug|Any CPU
		{6CF2F6CA-67C0-4BB9-A288-F8EF3D3ACBA1}.Release|Any CPU.ActiveCfg = Release|Any CPU
		{6CF2F6CA-67C0-4BB9-A288-F8EF3D3ACBA1}.Release|Any CPU.Build.0 = Release|Any CPU
	EndGlobalSection
	GlobalSection(SolutionProperties) = preSolution
		HideSolutionNode = FALSE
	EndGlobalSection
	GlobalSection(NestedProjects) = preSolution
		{69564CED-3E98-42B8-87DA-8DD1E109A407} = {0E8469D2-20EE-45EC-8D83-515B16742A02}
		{18A2EA88-4F69-4080-BB91-A72C1B477834} = {69564CED-3E98-42B8-87DA-8DD1E109A407}
		{EE9848AF-57ED-4F5F-B089-55E227F10DFF} = {0E8469D2-20EE-45EC-8D83-515B16742A02}
		{57261045-A17B-40B4-8968-29C359CDFCEE} = {EE9848AF-57ED-4F5F-B089-55E227F10DFF}
		{E23F266C-E663-4307-9527-A583E004EED4} = {0E8469D2-20EE-45EC-8D83-515B16742A02}
		{C8549632-23DF-4BAD-A7BA-0665A85C7CE6} = {E23F266C-E663-4307-9527-A583E004EED4}
		{472072EA-1B6C-4B2E-B3F4-D57DFED8E288} = {0E8469D2-20EE-45EC-8D83-515B16742A02}
		{FBAE5643-D40F-42B6-BA60-47FB92D24BF5} = {472072EA-1B6C-4B2E-B3F4-D57DFED8E288}
		{B8E2A2EB-3AE8-453D-B1DF-B27BD60BF042} = {472072EA-1B6C-4B2E-B3F4-D57DFED8E288}
		{A27663C8-E6E4-4B5D-922E-A1B6B00E3CC7} = {472072EA-1B6C-4B2E-B3F4-D57DFED8E288}
		{44F7674E-ED28-484F-AF3C-307EC4C53E95} = {472072EA-1B6C-4B2E-B3F4-D57DFED8E288}
		{461F771C-8F9E-4FF8-9517-A171FC6AEC4B} = {88C45F44-B64C-4D67-90B9-973B670BA3ED}
		{4EEE0338-FCDB-4254-81F9-D238230D9C7D} = {D0B8D854-D821-4BA8-9C20-51901337EF34}
		{D0B8D854-D821-4BA8-9C20-51901337EF34} = {B48225A3-FD0F-43BF-B5AE-4500E5AD56C4}
		{6CF2F6CA-67C0-4BB9-A288-F8EF3D3ACBA1} = {B48225A3-FD0F-43BF-B5AE-4500E5AD56C4}
	EndGlobalSection
	GlobalSection(ExtensibilityGlobals) = postSolution
		SolutionGuid = {0DA0BFCD-EC5D-4DD2-93C3-B5BA6EE3E769}
	EndGlobalSection
EndGlobal
