
Microsoft Visual Studio Solution File, Format Version 12.00
# Visual Studio Version 17
VisualStudioVersion = 17.3.32811.315
MinimumVisualStudioVersion = 10.0.40219.1
Project("{2150E333-8FDC-42A3-9474-1A3956D46DE8}") = "Services", "Services", "{0E8469D2-20EE-45EC-8D83-515B16742A02}"
EndProject
Project("{2150E333-8FDC-42A3-9474-1A3956D46DE8}") = "Catalog", "Catalog", "{69564CED-3E98-42B8-87DA-8DD1E109A407}"
EndProject
Project("{9A19103F-16F7-4668-BE54-9A1E7A4F7556}") = "Catalog.API", "Services\Catalog\Catalog.API\Catalog.API.csproj", "{18A2EA88-4F69-4080-BB91-A72C1B477834}"
EndProject
Project("{E53339B2-1760-4266-BCC7-CA923CBCF16C}") = "docker-compose", "docker-compose.dcproj", "{A8DC01E1-4266-488F-93A5-9CD59C893EAE}"
EndProject
Project("{2150E333-8FDC-42A3-9474-1A3956D46DE8}") = "Basket", "Basket", "{EE9848AF-57ED-4F5F-B089-55E227F10DFF}"
EndProject
Project("{9A19103F-16F7-4668-BE54-9A1E7A4F7556}") = "Basket.API", "Services\Basket\Basket.API\Basket.API.csproj", "{57261045-A17B-40B4-8968-29C359CDFCEE}"
EndProject
Project("{2150E333-8FDC-42A3-9474-1A3956D46DE8}") = "Discount", "Discount", "{E23F266C-E663-4307-9527-A583E004EED4}"
EndProject
Project("{FAE04EC0-301F-11D3-BF4B-00C04F79EFBC}") = "Discount.API", "Services\Discount\Discount.API\Discount.API.csproj", "{6C6C3D28-D217-475E-9B53-DF6A46F008D2}"
EndProject
Global
	GlobalSection(SolutionConfigurationPlatforms) = preSolution
		Debug|Any CPU = Debug|Any CPU
		Release|Any CPU = Release|Any CPU
	EndGlobalSection
	GlobalSection(ProjectConfigurationPlatforms) = postSolution
		{18A2EA88-4F69-4080-BB91-A72C1B477834}.Debug|Any CPU.ActiveCfg = Debug|Any CPU
		{18A2EA88-4F69-4080-BB91-A72C1B477834}.Debug|Any CPU.Build.0 = Debug|Any CPU
		{18A2EA88-4F69-4080-BB91-A72C1B477834}.Release|Any CPU.ActiveCfg = Release|Any CPU
		{18A2EA88-4F69-4080-BB91-A72C1B477834}.Release|Any CPU.Build.0 = Release|Any CPU
		{A8DC01E1-4266-488F-93A5-9CD59C893EAE}.Debug|Any CPU.ActiveCfg = Debug|Any CPU
		{A8DC01E1-4266-488F-93A5-9CD59C893EAE}.Debug|Any CPU.Build.0 = Debug|Any CPU
		{A8DC01E1-4266-488F-93A5-9CD59C893EAE}.Release|Any CPU.ActiveCfg = Release|Any CPU
		{A8DC01E1-4266-488F-93A5-9CD59C893EAE}.Release|Any CPU.Build.0 = Release|Any CPU
		{57261045-A17B-40B4-8968-29C359CDFCEE}.Debug|Any CPU.ActiveCfg = Debug|Any CPU
		{57261045-A17B-40B4-8968-29C359CDFCEE}.Debug|Any CPU.Build.0 = Debug|Any CPU
		{57261045-A17B-40B4-8968-29C359CDFCEE}.Release|Any CPU.ActiveCfg = Release|Any CPU
		{57261045-A17B-40B4-8968-29C359CDFCEE}.Release|Any CPU.Build.0 = Release|Any CPU
		{6C6C3D28-D217-475E-9B53-DF6A46F008D2}.Debug|Any CPU.ActiveCfg = Debug|Any CPU
		{6C6C3D28-D217-475E-9B53-DF6A46F008D2}.Debug|Any CPU.Build.0 = Debug|Any CPU
		{6C6C3D28-D217-475E-9B53-DF6A46F008D2}.Release|Any CPU.ActiveCfg = Release|Any CPU
		{6C6C3D28-D217-475E-9B53-DF6A46F008D2}.Release|Any CPU.Build.0 = Release|Any CPU
	EndGlobalSection
	GlobalSection(SolutionProperties) = preSolution
		HideSolutionNode = FALSE
	EndGlobalSection
	GlobalSection(NestedProjects) = preSolution
		{69564CED-3E98-42B8-87DA-8DD1E109A407} = {0E8469D2-20EE-45EC-8D83-515B16742A02}
		{18A2EA88-4F69-4080-BB91-A72C1B477834} = {69564CED-3E98-42B8-87DA-8DD1E109A407}
		{EE9848AF-57ED-4F5F-B089-55E227F10DFF} = {0E8469D2-20EE-45EC-8D83-515B16742A02}
		{57261045-A17B-40B4-8968-29C359CDFCEE} = {EE9848AF-57ED-4F5F-B089-55E227F10DFF}
		{E23F266C-E663-4307-9527-A583E004EED4} = {0E8469D2-20EE-45EC-8D83-515B16742A02}
		{6C6C3D28-D217-475E-9B53-DF6A46F008D2} = {E23F266C-E663-4307-9527-A583E004EED4}
	EndGlobalSection
	GlobalSection(ExtensibilityGlobals) = postSolution
		SolutionGuid = {0DA0BFCD-EC5D-4DD2-93C3-B5BA6EE3E769}
	EndGlobalSection
EndGlobal
